
Microsoft Visual Studio Solution File, Format Version 12.00
# Visual Studio Version 17
VisualStudioVersion = 17.3.32901.215
MinimumVisualStudioVersion = 10.0.40219.1
Project("{FAE04EC0-301F-11D3-BF4B-00C04F79EFBC}") = "UnityEngine.UI", "UnityEngine.UI.csproj", "{F9A428DD-3636-C7BE-0D8A-A9CAA4AA7D5F}"
EndProject
Project("{FAE04EC0-301F-11D3-BF4B-00C04F79EFBC}") = "UnityEngine.TestRunner", "UnityEngine.TestRunner.csproj", "{5FA048E0-D9F6-17AE-2801-0EEB782438E0}"
EndProject
Project("{FAE04EC0-301F-11D3-BF4B-00C04F79EFBC}") = "Unity.Mathematics", "Unity.Mathematics.csproj", "{ECFEA0EB-7B29-9B24-DE73-252232BF9940}"
EndProject
Project("{FAE04EC0-301F-11D3-BF4B-00C04F79EFBC}") = "Unity.2D.Animation.Triangle.Runtime", "Unity.2D.Animation.Triangle.Runtime.csproj", "{C78D8FA1-E1E6-B42D-5A2B-60ED8CA345A0}"
EndProject
Project("{FAE04EC0-301F-11D3-BF4B-00C04F79EFBC}") = "Unity.Timeline", "Unity.Timeline.csproj", "{3800692C-EEF1-EB8E-B100-F5ABE54CD8B0}"
EndProject
Project("{FAE04EC0-301F-11D3-BF4B-00C04F79EFBC}") = "Unity.TextMeshPro", "Unity.TextMeshPro.csproj", "{FF061D50-D8F7-B429-A849-675C950BABB7}"
EndProject
Project("{FAE04EC0-301F-11D3-BF4B-00C04F79EFBC}") = "Unity.2D.Animation.Runtime", "Unity.2D.Animation.Runtime.csproj", "{C737849C-A10D-289F-75D1-6BA17A08D18D}"
EndProject
Project("{FAE04EC0-301F-11D3-BF4B-00C04F79EFBC}") = "Assembly-CSharp", "Assembly-CSharp.csproj", "{ACB85BA1-FC4F-2416-2029-68EC477EC4C8}"
EndProject
Project("{FAE04EC0-301F-11D3-BF4B-00C04F79EFBC}") = "Unity.2D.IK.Runtime", "Unity.2D.IK.Runtime.csproj", "{B44642A0-5309-9F7D-E7BC-2DEE9C1218AE}"
EndProject
Project("{FAE04EC0-301F-11D3-BF4B-00C04F79EFBC}") = "Unity.2D.SpriteShape.Runtime", "Unity.2D.SpriteShape.Runtime.csproj", "{97F4F11D-DB35-804D-A3F8-271DD3CF3D61}"
EndProject
Project("{FAE04EC0-301F-11D3-BF4B-00C04F79EFBC}") = "Unity.2D.PixelPerfect", "Unity.2D.PixelPerfect.csproj", "{0793948C-2B66-4BA1-2BAC-7816A0EC88A0}"
EndProject
Project("{FAE04EC0-301F-11D3-BF4B-00C04F79EFBC}") = "Unity.2D.Common.Runtime", "Unity.2D.Common.Runtime.csproj", "{0AA6F170-E596-42A5-9743-05D0487E8A8D}"
EndProject
Project("{FAE04EC0-301F-11D3-BF4B-00C04F79EFBC}") = "Unity.InternalAPIEngineBridge.001", "Unity.InternalAPIEngineBridge.001.csproj", "{306CFD9B-2869-78A5-6176-45EBF76D6C09}"
EndProject
Project("{FAE04EC0-301F-11D3-BF4B-00C04F79EFBC}") = "UnityEditor.TestRunner", "UnityEditor.TestRunner.csproj", "{8F6B5136-B638-5B2B-61E1-3311FE93C953}"
EndProject
Project("{FAE04EC0-301F-11D3-BF4B-00C04F79EFBC}") = "Unity.PlasticSCM.Editor", "Unity.PlasticSCM.Editor.csproj", "{7F78B1F5-8461-F2BD-4BE5-532EB0354547}"
EndProject
Project("{FAE04EC0-301F-11D3-BF4B-00C04F79EFBC}") = "UnityEditor.UI", "UnityEditor.UI.csproj", "{24645BD4-7854-11B9-3415-583382F0F861}"
EndProject
Project("{FAE04EC0-301F-11D3-BF4B-00C04F79EFBC}") = "Unity.Services.Core.Editor", "Unity.Services.Core.Editor.csproj", "{829711EE-6C2C-44A4-443B-42A511945109}"
EndProject
Project("{FAE04EC0-301F-11D3-BF4B-00C04F79EFBC}") = "Unity.Timeline.Editor", "Unity.Timeline.Editor.csproj", "{20BCC4E8-57AF-FBE8-6BB0-62DD536AD574}"
EndProject
Project("{FAE04EC0-301F-11D3-BF4B-00C04F79EFBC}") = "Unity.VisualStudio.Editor", "Unity.VisualStudio.Editor.csproj", "{09654426-B765-1AA3-AE54-0370E1B51DDE}"
EndProject
Project("{FAE04EC0-301F-11D3-BF4B-00C04F79EFBC}") = "Unity.2D.Psdimporter.Editor", "Unity.2D.Psdimporter.Editor.csproj", "{442DBAAF-99BB-0C68-ADB7-29BDC3265401}"
EndProject
Project("{FAE04EC0-301F-11D3-BF4B-00C04F79EFBC}") = "Unity.2D.Animation.Editor", "Unity.2D.Animation.Editor.csproj", "{438C0144-187C-7940-20C6-28E10B961D2D}"
EndProject
Project("{FAE04EC0-301F-11D3-BF4B-00C04F79EFBC}") = "Unity.TextMeshPro.Editor", "Unity.TextMeshPro.Editor.csproj", "{72B33EC9-64EF-6123-09C8-AE7ABCEAD28D}"
EndProject
Project("{FAE04EC0-301F-11D3-BF4B-00C04F79EFBC}") = "Unity.2D.SpriteShape.Editor", "Unity.2D.SpriteShape.Editor.csproj", "{D4FC0CC7-1B5F-8B19-84F1-E4B78B378C6C}"
EndProject
Project("{FAE04EC0-301F-11D3-BF4B-00C04F79EFBC}") = "Unity.CollabProxy.Editor", "Unity.CollabProxy.Editor.csproj", "{AEC4B089-EFF2-F3F3-EF25-9C82CFAE63D7}"
EndProject
Project("{FAE04EC0-301F-11D3-BF4B-00C04F79EFBC}") = "PsdPlugin", "PsdPlugin.csproj", "{DABAA2E5-F1EA-BD59-E2A9-F9912378C6D6}"
EndProject
Project("{FAE04EC0-301F-11D3-BF4B-00C04F79EFBC}") = "Unity.2D.Path.Editor", "Unity.2D.Path.Editor.csproj", "{CEB7A99A-DCAF-46BB-DBC6-1A21A558D705}"
EndProject
Project("{FAE04EC0-301F-11D3-BF4B-00C04F79EFBC}") = "Unity.Rider.Editor", "Unity.Rider.Editor.csproj", "{F5161E49-3CAB-BBFB-C968-CFD9E6CAAAA0}"
EndProject
Project("{FAE04EC0-301F-11D3-BF4B-00C04F79EFBC}") = "Unity.2D.IK.Editor", "Unity.2D.IK.Editor.csproj", "{2A278030-88DC-E9EA-F6BA-B74ADC16EC3A}"
EndProject
Project("{FAE04EC0-301F-11D3-BF4B-00C04F79EFBC}") = "Unity.2D.Sprite.Editor", "Unity.2D.Sprite.Editor.csproj", "{0DAE236E-8A35-CA68-E129-9EB93412B02F}"
EndProject
Project("{FAE04EC0-301F-11D3-BF4B-00C04F79EFBC}") = "Unity.2D.Tilemap.Editor", "Unity.2D.Tilemap.Editor.csproj", "{A0E628C0-64CD-F232-F5B8-24C8879FD4E0}"
EndProject
Project("{FAE04EC0-301F-11D3-BF4B-00C04F79EFBC}") = "Unity.2D.PixelPerfect.Editor", "Unity.2D.PixelPerfect.Editor.csproj", "{C65BB6E3-B9BD-0603-EFC5-FA701A29D087}"
EndProject
Project("{FAE04EC0-301F-11D3-BF4B-00C04F79EFBC}") = "Unity.VSCode.Editor", "Unity.VSCode.Editor.csproj", "{62897FB8-D2A5-E947-0D79-D3F9D7463187}"
EndProject
Project("{FAE04EC0-301F-11D3-BF4B-00C04F79EFBC}") = "Unity.2D.Common.Editor", "Unity.2D.Common.Editor.csproj", "{DC152DB5-B721-40EB-A71D-FC89CB908842}"
EndProject
Project("{FAE04EC0-301F-11D3-BF4B-00C04F79EFBC}") = "Unity.Mathematics.Editor", "Unity.Mathematics.Editor.csproj", "{487CE325-1584-9C6C-2524-45599E549BB7}"
EndProject
Project("{FAE04EC0-301F-11D3-BF4B-00C04F79EFBC}") = "Unity.InternalAPIEditorBridge.001", "Unity.InternalAPIEditorBridge.001.csproj", "{ACC96EF0-6251-7BC5-D03F-8D52E80EF1BC}"
EndProject
Project("{FAE04EC0-301F-11D3-BF4B-00C04F79EFBC}") = "UnityEngine.UI", "UnityEngine.UI.Player.csproj", "{14CD23F1-A91D-B5E0-594D-98280E8AF202}"
EndProject
Project("{FAE04EC0-301F-11D3-BF4B-00C04F79EFBC}") = "UnityEngine.TestRunner", "UnityEngine.TestRunner.Player.csproj", "{6C251852-8CC8-CA6E-27C5-556041A6B165}"
EndProject
Project("{FAE04EC0-301F-11D3-BF4B-00C04F79EFBC}") = "Unity.Mathematics", "Unity.Mathematics.Player.csproj", "{D6131EAB-A679-2EF1-3DB4-46908CC1328D}"
EndProject
Project("{FAE04EC0-301F-11D3-BF4B-00C04F79EFBC}") = "Unity.2D.Animation.Triangle.Runtime", "Unity.2D.Animation.Triangle.Runtime.Player.csproj", "{D0895F9C-0C55-3A4C-F4D7-6FE6488D5C58}"
EndProject
Project("{FAE04EC0-301F-11D3-BF4B-00C04F79EFBC}") = "Unity.Timeline", "Unity.Timeline.Player.csproj", "{69378F78-6C81-41BC-C724-836135CCA888}"
EndProject
Project("{FAE04EC0-301F-11D3-BF4B-00C04F79EFBC}") = "Unity.TextMeshPro", "Unity.TextMeshPro.Player.csproj", "{C6136562-FC47-47C3-C57B-C398428DC55C}"
EndProject
Project("{FAE04EC0-301F-11D3-BF4B-00C04F79EFBC}") = "Unity.2D.Animation.Runtime", "Unity.2D.Animation.Runtime.Player.csproj", "{D3656D81-B56B-AAF8-A56A-6E90C268DCD2}"
EndProject
Project("{FAE04EC0-301F-11D3-BF4B-00C04F79EFBC}") = "Assembly-CSharp.Player", "Assembly-CSharp.Player.csproj", "{C6A22B4E-5C6F-97C5-0254-93C5653FF7DF}"
EndProject
Project("{FAE04EC0-301F-11D3-BF4B-00C04F79EFBC}") = "Unity.2D.IK.Runtime", "Unity.2D.IK.Runtime.Player.csproj", "{76313DCE-BB87-E6C7-681B-3CBB873965E5}"
EndProject
Project("{FAE04EC0-301F-11D3-BF4B-00C04F79EFBC}") = "Unity.2D.SpriteShape.Runtime", "Unity.2D.SpriteShape.Runtime.Player.csproj", "{3FA89C5B-8DFF-3832-8A99-C314A2A978DB}"
EndProject
Project("{FAE04EC0-301F-11D3-BF4B-00C04F79EFBC}") = "Unity.2D.PixelPerfect", "Unity.2D.PixelPerfect.Player.csproj", "{153518A6-C4A4-4363-F794-8FDA65E6D473}"
EndProject
Project("{FAE04EC0-301F-11D3-BF4B-00C04F79EFBC}") = "Unity.2D.Common.Runtime", "Unity.2D.Common.Runtime.Player.csproj", "{F03F9461-C57D-4F29-83B1-1F1263548C3F}"
EndProject
Project("{FAE04EC0-301F-11D3-BF4B-00C04F79EFBC}") = "Unity.InternalAPIEngineBridge.001", "Unity.InternalAPIEngineBridge.001.Player.csproj", "{1E6DE4D0-C2A3-C0CA-1D2C-FEDCF07A6C67}"
EndProject
Global
	GlobalSection(SolutionConfigurationPlatforms) = preSolution
		Debug|Any CPU = Debug|Any CPU
		Release|Any CPU = Release|Any CPU
	EndGlobalSection
	GlobalSection(ProjectConfigurationPlatforms) = postSolution
		{F9A428DD-3636-C7BE-0D8A-A9CAA4AA7D5F}.Debug|Any CPU.ActiveCfg = Debug|Any CPU
		{F9A428DD-3636-C7BE-0D8A-A9CAA4AA7D5F}.Debug|Any CPU.Build.0 = Debug|Any CPU
		{F9A428DD-3636-C7BE-0D8A-A9CAA4AA7D5F}.Release|Any CPU.ActiveCfg = Release|Any CPU
		{F9A428DD-3636-C7BE-0D8A-A9CAA4AA7D5F}.Release|Any CPU.Build.0 = Release|Any CPU
		{5FA048E0-D9F6-17AE-2801-0EEB782438E0}.Debug|Any CPU.ActiveCfg = Debug|Any CPU
		{5FA048E0-D9F6-17AE-2801-0EEB782438E0}.Debug|Any CPU.Build.0 = Debug|Any CPU
		{5FA048E0-D9F6-17AE-2801-0EEB782438E0}.Release|Any CPU.ActiveCfg = Release|Any CPU
		{5FA048E0-D9F6-17AE-2801-0EEB782438E0}.Release|Any CPU.Build.0 = Release|Any CPU
		{ECFEA0EB-7B29-9B24-DE73-252232BF9940}.Debug|Any CPU.ActiveCfg = Debug|Any CPU
		{ECFEA0EB-7B29-9B24-DE73-252232BF9940}.Debug|Any CPU.Build.0 = Debug|Any CPU
		{ECFEA0EB-7B29-9B24-DE73-252232BF9940}.Release|Any CPU.ActiveCfg = Release|Any CPU
		{ECFEA0EB-7B29-9B24-DE73-252232BF9940}.Release|Any CPU.Build.0 = Release|Any CPU
		{C78D8FA1-E1E6-B42D-5A2B-60ED8CA345A0}.Debug|Any CPU.ActiveCfg = Debug|Any CPU
		{C78D8FA1-E1E6-B42D-5A2B-60ED8CA345A0}.Debug|Any CPU.Build.0 = Debug|Any CPU
		{C78D8FA1-E1E6-B42D-5A2B-60ED8CA345A0}.Release|Any CPU.ActiveCfg = Release|Any CPU
		{C78D8FA1-E1E6-B42D-5A2B-60ED8CA345A0}.Release|Any CPU.Build.0 = Release|Any CPU
		{3800692C-EEF1-EB8E-B100-F5ABE54CD8B0}.Debug|Any CPU.ActiveCfg = Debug|Any CPU
		{3800692C-EEF1-EB8E-B100-F5ABE54CD8B0}.Debug|Any CPU.Build.0 = Debug|Any CPU
		{3800692C-EEF1-EB8E-B100-F5ABE54CD8B0}.Release|Any CPU.ActiveCfg = Release|Any CPU
		{3800692C-EEF1-EB8E-B100-F5ABE54CD8B0}.Release|Any CPU.Build.0 = Release|Any CPU
		{FF061D50-D8F7-B429-A849-675C950BABB7}.Debug|Any CPU.ActiveCfg = Debug|Any CPU
		{FF061D50-D8F7-B429-A849-675C950BABB7}.Debug|Any CPU.Build.0 = Debug|Any CPU
		{FF061D50-D8F7-B429-A849-675C950BABB7}.Release|Any CPU.ActiveCfg = Release|Any CPU
		{FF061D50-D8F7-B429-A849-675C950BABB7}.Release|Any CPU.Build.0 = Release|Any CPU
		{C737849C-A10D-289F-75D1-6BA17A08D18D}.Debug|Any CPU.ActiveCfg = Debug|Any CPU
		{C737849C-A10D-289F-75D1-6BA17A08D18D}.Debug|Any CPU.Build.0 = Debug|Any CPU
		{C737849C-A10D-289F-75D1-6BA17A08D18D}.Release|Any CPU.ActiveCfg = Release|Any CPU
		{C737849C-A10D-289F-75D1-6BA17A08D18D}.Release|Any CPU.Build.0 = Release|Any CPU
		{ACB85BA1-FC4F-2416-2029-68EC477EC4C8}.Debug|Any CPU.ActiveCfg = Debug|Any CPU
		{ACB85BA1-FC4F-2416-2029-68EC477EC4C8}.Debug|Any CPU.Build.0 = Debug|Any CPU
		{ACB85BA1-FC4F-2416-2029-68EC477EC4C8}.Release|Any CPU.ActiveCfg = Release|Any CPU
		{ACB85BA1-FC4F-2416-2029-68EC477EC4C8}.Release|Any CPU.Build.0 = Release|Any CPU
		{B44642A0-5309-9F7D-E7BC-2DEE9C1218AE}.Debug|Any CPU.ActiveCfg = Debug|Any CPU
		{B44642A0-5309-9F7D-E7BC-2DEE9C1218AE}.Debug|Any CPU.Build.0 = Debug|Any CPU
		{B44642A0-5309-9F7D-E7BC-2DEE9C1218AE}.Release|Any CPU.ActiveCfg = Release|Any CPU
		{B44642A0-5309-9F7D-E7BC-2DEE9C1218AE}.Release|Any CPU.Build.0 = Release|Any CPU
		{97F4F11D-DB35-804D-A3F8-271DD3CF3D61}.Debug|Any CPU.ActiveCfg = Debug|Any CPU
		{97F4F11D-DB35-804D-A3F8-271DD3CF3D61}.Debug|Any CPU.Build.0 = Debug|Any CPU
		{97F4F11D-DB35-804D-A3F8-271DD3CF3D61}.Release|Any CPU.ActiveCfg = Release|Any CPU
		{97F4F11D-DB35-804D-A3F8-271DD3CF3D61}.Release|Any CPU.Build.0 = Release|Any CPU
		{0793948C-2B66-4BA1-2BAC-7816A0EC88A0}.Debug|Any CPU.ActiveCfg = Debug|Any CPU
		{0793948C-2B66-4BA1-2BAC-7816A0EC88A0}.Debug|Any CPU.Build.0 = Debug|Any CPU
		{0793948C-2B66-4BA1-2BAC-7816A0EC88A0}.Release|Any CPU.ActiveCfg = Release|Any CPU
		{0793948C-2B66-4BA1-2BAC-7816A0EC88A0}.Release|Any CPU.Build.0 = Release|Any CPU
		{0AA6F170-E596-42A5-9743-05D0487E8A8D}.Debug|Any CPU.ActiveCfg = Debug|Any CPU
		{0AA6F170-E596-42A5-9743-05D0487E8A8D}.Debug|Any CPU.Build.0 = Debug|Any CPU
		{0AA6F170-E596-42A5-9743-05D0487E8A8D}.Release|Any CPU.ActiveCfg = Release|Any CPU
		{0AA6F170-E596-42A5-9743-05D0487E8A8D}.Release|Any CPU.Build.0 = Release|Any CPU
		{306CFD9B-2869-78A5-6176-45EBF76D6C09}.Debug|Any CPU.ActiveCfg = Debug|Any CPU
		{306CFD9B-2869-78A5-6176-45EBF76D6C09}.Debug|Any CPU.Build.0 = Debug|Any CPU
		{306CFD9B-2869-78A5-6176-45EBF76D6C09}.Release|Any CPU.ActiveCfg = Release|Any CPU
		{306CFD9B-2869-78A5-6176-45EBF76D6C09}.Release|Any CPU.Build.0 = Release|Any CPU
		{8F6B5136-B638-5B2B-61E1-3311FE93C953}.Debug|Any CPU.ActiveCfg = Debug|Any CPU
		{8F6B5136-B638-5B2B-61E1-3311FE93C953}.Debug|Any CPU.Build.0 = Debug|Any CPU
		{8F6B5136-B638-5B2B-61E1-3311FE93C953}.Release|Any CPU.ActiveCfg = Release|Any CPU
		{8F6B5136-B638-5B2B-61E1-3311FE93C953}.Release|Any CPU.Build.0 = Release|Any CPU
		{7F78B1F5-8461-F2BD-4BE5-532EB0354547}.Debug|Any CPU.ActiveCfg = Debug|Any CPU
		{7F78B1F5-8461-F2BD-4BE5-532EB0354547}.Debug|Any CPU.Build.0 = Debug|Any CPU
		{7F78B1F5-8461-F2BD-4BE5-532EB0354547}.Release|Any CPU.ActiveCfg = Release|Any CPU
		{7F78B1F5-8461-F2BD-4BE5-532EB0354547}.Release|Any CPU.Build.0 = Release|Any CPU
		{24645BD4-7854-11B9-3415-583382F0F861}.Debug|Any CPU.ActiveCfg = Debug|Any CPU
		{24645BD4-7854-11B9-3415-583382F0F861}.Debug|Any CPU.Build.0 = Debug|Any CPU
		{24645BD4-7854-11B9-3415-583382F0F861}.Release|Any CPU.ActiveCfg = Release|Any CPU
		{24645BD4-7854-11B9-3415-583382F0F861}.Release|Any CPU.Build.0 = Release|Any CPU
		{829711EE-6C2C-44A4-443B-42A511945109}.Debug|Any CPU.ActiveCfg = Debug|Any CPU
		{829711EE-6C2C-44A4-443B-42A511945109}.Debug|Any CPU.Build.0 = Debug|Any CPU
		{829711EE-6C2C-44A4-443B-42A511945109}.Release|Any CPU.ActiveCfg = Release|Any CPU
		{829711EE-6C2C-44A4-443B-42A511945109}.Release|Any CPU.Build.0 = Release|Any CPU
		{20BCC4E8-57AF-FBE8-6BB0-62DD536AD574}.Debug|Any CPU.ActiveCfg = Debug|Any CPU
		{20BCC4E8-57AF-FBE8-6BB0-62DD536AD574}.Debug|Any CPU.Build.0 = Debug|Any CPU
		{20BCC4E8-57AF-FBE8-6BB0-62DD536AD574}.Release|Any CPU.ActiveCfg = Release|Any CPU
		{20BCC4E8-57AF-FBE8-6BB0-62DD536AD574}.Release|Any CPU.Build.0 = Release|Any CPU
		{09654426-B765-1AA3-AE54-0370E1B51DDE}.Debug|Any CPU.ActiveCfg = Debug|Any CPU
		{09654426-B765-1AA3-AE54-0370E1B51DDE}.Debug|Any CPU.Build.0 = Debug|Any CPU
		{09654426-B765-1AA3-AE54-0370E1B51DDE}.Release|Any CPU.ActiveCfg = Release|Any CPU
		{09654426-B765-1AA3-AE54-0370E1B51DDE}.Release|Any CPU.Build.0 = Release|Any CPU
		{442DBAAF-99BB-0C68-ADB7-29BDC3265401}.Debug|Any CPU.ActiveCfg = Debug|Any CPU
		{442DBAAF-99BB-0C68-ADB7-29BDC3265401}.Debug|Any CPU.Build.0 = Debug|Any CPU
		{442DBAAF-99BB-0C68-ADB7-29BDC3265401}.Release|Any CPU.ActiveCfg = Release|Any CPU
		{442DBAAF-99BB-0C68-ADB7-29BDC3265401}.Release|Any CPU.Build.0 = Release|Any CPU
		{438C0144-187C-7940-20C6-28E10B961D2D}.Debug|Any CPU.ActiveCfg = Debug|Any CPU
		{438C0144-187C-7940-20C6-28E10B961D2D}.Debug|Any CPU.Build.0 = Debug|Any CPU
		{438C0144-187C-7940-20C6-28E10B961D2D}.Release|Any CPU.ActiveCfg = Release|Any CPU
		{438C0144-187C-7940-20C6-28E10B961D2D}.Release|Any CPU.Build.0 = Release|Any CPU
		{72B33EC9-64EF-6123-09C8-AE7ABCEAD28D}.Debug|Any CPU.ActiveCfg = Debug|Any CPU
		{72B33EC9-64EF-6123-09C8-AE7ABCEAD28D}.Debug|Any CPU.Build.0 = Debug|Any CPU
		{72B33EC9-64EF-6123-09C8-AE7ABCEAD28D}.Release|Any CPU.ActiveCfg = Release|Any CPU
		{72B33EC9-64EF-6123-09C8-AE7ABCEAD28D}.Release|Any CPU.Build.0 = Release|Any CPU
		{D4FC0CC7-1B5F-8B19-84F1-E4B78B378C6C}.Debug|Any CPU.ActiveCfg = Debug|Any CPU
		{D4FC0CC7-1B5F-8B19-84F1-E4B78B378C6C}.Debug|Any CPU.Build.0 = Debug|Any CPU
		{D4FC0CC7-1B5F-8B19-84F1-E4B78B378C6C}.Release|Any CPU.ActiveCfg = Release|Any CPU
		{D4FC0CC7-1B5F-8B19-84F1-E4B78B378C6C}.Release|Any CPU.Build.0 = Release|Any CPU
		{AEC4B089-EFF2-F3F3-EF25-9C82CFAE63D7}.Debug|Any CPU.ActiveCfg = Debug|Any CPU
		{AEC4B089-EFF2-F3F3-EF25-9C82CFAE63D7}.Debug|Any CPU.Build.0 = Debug|Any CPU
		{AEC4B089-EFF2-F3F3-EF25-9C82CFAE63D7}.Release|Any CPU.ActiveCfg = Release|Any CPU
		{AEC4B089-EFF2-F3F3-EF25-9C82CFAE63D7}.Release|Any CPU.Build.0 = Release|Any CPU
		{DABAA2E5-F1EA-BD59-E2A9-F9912378C6D6}.Debug|Any CPU.ActiveCfg = Debug|Any CPU
		{DABAA2E5-F1EA-BD59-E2A9-F9912378C6D6}.Debug|Any CPU.Build.0 = Debug|Any CPU
		{DABAA2E5-F1EA-BD59-E2A9-F9912378C6D6}.Release|Any CPU.ActiveCfg = Release|Any CPU
		{DABAA2E5-F1EA-BD59-E2A9-F9912378C6D6}.Release|Any CPU.Build.0 = Release|Any CPU
		{CEB7A99A-DCAF-46BB-DBC6-1A21A558D705}.Debug|Any CPU.ActiveCfg = Debug|Any CPU
		{CEB7A99A-DCAF-46BB-DBC6-1A21A558D705}.Debug|Any CPU.Build.0 = Debug|Any CPU
		{CEB7A99A-DCAF-46BB-DBC6-1A21A558D705}.Release|Any CPU.ActiveCfg = Release|Any CPU
		{CEB7A99A-DCAF-46BB-DBC6-1A21A558D705}.Release|Any CPU.Build.0 = Release|Any CPU
		{F5161E49-3CAB-BBFB-C968-CFD9E6CAAAA0}.Debug|Any CPU.ActiveCfg = Debug|Any CPU
		{F5161E49-3CAB-BBFB-C968-CFD9E6CAAAA0}.Debug|Any CPU.Build.0 = Debug|Any CPU
		{F5161E49-3CAB-BBFB-C968-CFD9E6CAAAA0}.Release|Any CPU.ActiveCfg = Release|Any CPU
		{F5161E49-3CAB-BBFB-C968-CFD9E6CAAAA0}.Release|Any CPU.Build.0 = Release|Any CPU
		{2A278030-88DC-E9EA-F6BA-B74ADC16EC3A}.Debug|Any CPU.ActiveCfg = Debug|Any CPU
		{2A278030-88DC-E9EA-F6BA-B74ADC16EC3A}.Debug|Any CPU.Build.0 = Debug|Any CPU
		{2A278030-88DC-E9EA-F6BA-B74ADC16EC3A}.Release|Any CPU.ActiveCfg = Release|Any CPU
		{2A278030-88DC-E9EA-F6BA-B74ADC16EC3A}.Release|Any CPU.Build.0 = Release|Any CPU
		{0DAE236E-8A35-CA68-E129-9EB93412B02F}.Debug|Any CPU.ActiveCfg = Debug|Any CPU
		{0DAE236E-8A35-CA68-E129-9EB93412B02F}.Debug|Any CPU.Build.0 = Debug|Any CPU
		{0DAE236E-8A35-CA68-E129-9EB93412B02F}.Release|Any CPU.ActiveCfg = Release|Any CPU
		{0DAE236E-8A35-CA68-E129-9EB93412B02F}.Release|Any CPU.Build.0 = Release|Any CPU
		{A0E628C0-64CD-F232-F5B8-24C8879FD4E0}.Debug|Any CPU.ActiveCfg = Debug|Any CPU
		{A0E628C0-64CD-F232-F5B8-24C8879FD4E0}.Debug|Any CPU.Build.0 = Debug|Any CPU
		{A0E628C0-64CD-F232-F5B8-24C8879FD4E0}.Release|Any CPU.ActiveCfg = Release|Any CPU
		{A0E628C0-64CD-F232-F5B8-24C8879FD4E0}.Release|Any CPU.Build.0 = Release|Any CPU
		{C65BB6E3-B9BD-0603-EFC5-FA701A29D087}.Debug|Any CPU.ActiveCfg = Debug|Any CPU
		{C65BB6E3-B9BD-0603-EFC5-FA701A29D087}.Debug|Any CPU.Build.0 = Debug|Any CPU
		{C65BB6E3-B9BD-0603-EFC5-FA701A29D087}.Release|Any CPU.ActiveCfg = Release|Any CPU
		{C65BB6E3-B9BD-0603-EFC5-FA701A29D087}.Release|Any CPU.Build.0 = Release|Any CPU
		{62897FB8-D2A5-E947-0D79-D3F9D7463187}.Debug|Any CPU.ActiveCfg = Debug|Any CPU
		{62897FB8-D2A5-E947-0D79-D3F9D7463187}.Debug|Any CPU.Build.0 = Debug|Any CPU
		{62897FB8-D2A5-E947-0D79-D3F9D7463187}.Release|Any CPU.ActiveCfg = Release|Any CPU
		{62897FB8-D2A5-E947-0D79-D3F9D7463187}.Release|Any CPU.Build.0 = Release|Any CPU
		{DC152DB5-B721-40EB-A71D-FC89CB908842}.Debug|Any CPU.ActiveCfg = Debug|Any CPU
		{DC152DB5-B721-40EB-A71D-FC89CB908842}.Debug|Any CPU.Build.0 = Debug|Any CPU
		{DC152DB5-B721-40EB-A71D-FC89CB908842}.Release|Any CPU.ActiveCfg = Release|Any CPU
		{DC152DB5-B721-40EB-A71D-FC89CB908842}.Release|Any CPU.Build.0 = Release|Any CPU
		{487CE325-1584-9C6C-2524-45599E549BB7}.Debug|Any CPU.ActiveCfg = Debug|Any CPU
		{487CE325-1584-9C6C-2524-45599E549BB7}.Debug|Any CPU.Build.0 = Debug|Any CPU
		{487CE325-1584-9C6C-2524-45599E549BB7}.Release|Any CPU.ActiveCfg = Release|Any CPU
		{487CE325-1584-9C6C-2524-45599E549BB7}.Release|Any CPU.Build.0 = Release|Any CPU
		{ACC96EF0-6251-7BC5-D03F-8D52E80EF1BC}.Debug|Any CPU.ActiveCfg = Debug|Any CPU
		{ACC96EF0-6251-7BC5-D03F-8D52E80EF1BC}.Debug|Any CPU.Build.0 = Debug|Any CPU
		{ACC96EF0-6251-7BC5-D03F-8D52E80EF1BC}.Release|Any CPU.ActiveCfg = Release|Any CPU
		{ACC96EF0-6251-7BC5-D03F-8D52E80EF1BC}.Release|Any CPU.Build.0 = Release|Any CPU
		{14CD23F1-A91D-B5E0-594D-98280E8AF202}.Debug|Any CPU.ActiveCfg = Debug|Any CPU
		{14CD23F1-A91D-B5E0-594D-98280E8AF202}.Debug|Any CPU.Build.0 = Debug|Any CPU
		{14CD23F1-A91D-B5E0-594D-98280E8AF202}.Release|Any CPU.ActiveCfg = Release|Any CPU
		{14CD23F1-A91D-B5E0-594D-98280E8AF202}.Release|Any CPU.Build.0 = Release|Any CPU
		{6C251852-8CC8-CA6E-27C5-556041A6B165}.Debug|Any CPU.ActiveCfg = Debug|Any CPU
		{6C251852-8CC8-CA6E-27C5-556041A6B165}.Debug|Any CPU.Build.0 = Debug|Any CPU
		{6C251852-8CC8-CA6E-27C5-556041A6B165}.Release|Any CPU.ActiveCfg = Release|Any CPU
		{6C251852-8CC8-CA6E-27C5-556041A6B165}.Release|Any CPU.Build.0 = Release|Any CPU
		{D6131EAB-A679-2EF1-3DB4-46908CC1328D}.Debug|Any CPU.ActiveCfg = Debug|Any CPU
		{D6131EAB-A679-2EF1-3DB4-46908CC1328D}.Debug|Any CPU.Build.0 = Debug|Any CPU
		{D6131EAB-A679-2EF1-3DB4-46908CC1328D}.Release|Any CPU.ActiveCfg = Release|Any CPU
		{D6131EAB-A679-2EF1-3DB4-46908CC1328D}.Release|Any CPU.Build.0 = Release|Any CPU
		{D0895F9C-0C55-3A4C-F4D7-6FE6488D5C58}.Debug|Any CPU.ActiveCfg = Debug|Any CPU
		{D0895F9C-0C55-3A4C-F4D7-6FE6488D5C58}.Debug|Any CPU.Build.0 = Debug|Any CPU
		{D0895F9C-0C55-3A4C-F4D7-6FE6488D5C58}.Release|Any CPU.ActiveCfg = Release|Any CPU
		{D0895F9C-0C55-3A4C-F4D7-6FE6488D5C58}.Release|Any CPU.Build.0 = Release|Any CPU
		{69378F78-6C81-41BC-C724-836135CCA888}.Debug|Any CPU.ActiveCfg = Debug|Any CPU
		{69378F78-6C81-41BC-C724-836135CCA888}.Debug|Any CPU.Build.0 = Debug|Any CPU
		{69378F78-6C81-41BC-C724-836135CCA888}.Release|Any CPU.ActiveCfg = Release|Any CPU
		{69378F78-6C81-41BC-C724-836135CCA888}.Release|Any CPU.Build.0 = Release|Any CPU
		{C6136562-FC47-47C3-C57B-C398428DC55C}.Debug|Any CPU.ActiveCfg = Debug|Any CPU
		{C6136562-FC47-47C3-C57B-C398428DC55C}.Debug|Any CPU.Build.0 = Debug|Any CPU
		{C6136562-FC47-47C3-C57B-C398428DC55C}.Release|Any CPU.ActiveCfg = Release|Any CPU
		{C6136562-FC47-47C3-C57B-C398428DC55C}.Release|Any CPU.Build.0 = Release|Any CPU
		{D3656D81-B56B-AAF8-A56A-6E90C268DCD2}.Debug|Any CPU.ActiveCfg = Debug|Any CPU
		{D3656D81-B56B-AAF8-A56A-6E90C268DCD2}.Debug|Any CPU.Build.0 = Debug|Any CPU
		{D3656D81-B56B-AAF8-A56A-6E90C268DCD2}.Release|Any CPU.ActiveCfg = Release|Any CPU
		{D3656D81-B56B-AAF8-A56A-6E90C268DCD2}.Release|Any CPU.Build.0 = Release|Any CPU
		{C6A22B4E-5C6F-97C5-0254-93C5653FF7DF}.Debug|Any CPU.ActiveCfg = Debug|Any CPU
		{C6A22B4E-5C6F-97C5-0254-93C5653FF7DF}.Debug|Any CPU.Build.0 = Debug|Any CPU
		{C6A22B4E-5C6F-97C5-0254-93C5653FF7DF}.Release|Any CPU.ActiveCfg = Release|Any CPU
		{C6A22B4E-5C6F-97C5-0254-93C5653FF7DF}.Release|Any CPU.Build.0 = Release|Any CPU
		{76313DCE-BB87-E6C7-681B-3CBB873965E5}.Debug|Any CPU.ActiveCfg = Debug|Any CPU
		{76313DCE-BB87-E6C7-681B-3CBB873965E5}.Debug|Any CPU.Build.0 = Debug|Any CPU
		{76313DCE-BB87-E6C7-681B-3CBB873965E5}.Release|Any CPU.ActiveCfg = Release|Any CPU
		{76313DCE-BB87-E6C7-681B-3CBB873965E5}.Release|Any CPU.Build.0 = Release|Any CPU
		{3FA89C5B-8DFF-3832-8A99-C314A2A978DB}.Debug|Any CPU.ActiveCfg = Debug|Any CPU
		{3FA89C5B-8DFF-3832-8A99-C314A2A978DB}.Debug|Any CPU.Build.0 = Debug|Any CPU
		{3FA89C5B-8DFF-3832-8A99-C314A2A978DB}.Release|Any CPU.ActiveCfg = Release|Any CPU
		{3FA89C5B-8DFF-3832-8A99-C314A2A978DB}.Release|Any CPU.Build.0 = Release|Any CPU
		{153518A6-C4A4-4363-F794-8FDA65E6D473}.Debug|Any CPU.ActiveCfg = Debug|Any CPU
		{153518A6-C4A4-4363-F794-8FDA65E6D473}.Debug|Any CPU.Build.0 = Debug|Any CPU
		{153518A6-C4A4-4363-F794-8FDA65E6D473}.Release|Any CPU.ActiveCfg = Release|Any CPU
		{153518A6-C4A4-4363-F794-8FDA65E6D473}.Release|Any CPU.Build.0 = Release|Any CPU
		{F03F9461-C57D-4F29-83B1-1F1263548C3F}.Debug|Any CPU.ActiveCfg = Debug|Any CPU
		{F03F9461-C57D-4F29-83B1-1F1263548C3F}.Debug|Any CPU.Build.0 = Debug|Any CPU
		{F03F9461-C57D-4F29-83B1-1F1263548C3F}.Release|Any CPU.ActiveCfg = Release|Any CPU
		{F03F9461-C57D-4F29-83B1-1F1263548C3F}.Release|Any CPU.Build.0 = Release|Any CPU
		{1E6DE4D0-C2A3-C0CA-1D2C-FEDCF07A6C67}.Debug|Any CPU.ActiveCfg = Debug|Any CPU
		{1E6DE4D0-C2A3-C0CA-1D2C-FEDCF07A6C67}.Debug|Any CPU.Build.0 = Debug|Any CPU
		{1E6DE4D0-C2A3-C0CA-1D2C-FEDCF07A6C67}.Release|Any CPU.ActiveCfg = Release|Any CPU
		{1E6DE4D0-C2A3-C0CA-1D2C-FEDCF07A6C67}.Release|Any CPU.Build.0 = Release|Any CPU
	EndGlobalSection
	GlobalSection(SolutionProperties) = preSolution
		HideSolutionNode = FALSE
	EndGlobalSection
	GlobalSection(ExtensibilityGlobals) = postSolution
		SolutionGuid = {BA1DB7E4-EF17-4750-8552-7FC02E2CECD7}
	EndGlobalSection
EndGlobal
